// !$*UTF8*$!
{
	archiveVersion = 1;
	classes = {
	};
	objectVersion = 50;
	objects = {

/* Begin PBXBuildFile section */
		00CD4EC821FCF34100548FCF /* AppDelegate.swift in Sources */ = {isa = PBXBuildFile; fileRef = 00CD4EC721FCF34100548FCF /* AppDelegate.swift */; };
		00CD4ECA21FCF34100548FCF /* ViewController.swift in Sources */ = {isa = PBXBuildFile; fileRef = 00CD4EC921FCF34100548FCF /* ViewController.swift */; };
		00CD4ECD21FCF34100548FCF /* Main.storyboard in Resources */ = {isa = PBXBuildFile; fileRef = 00CD4ECB21FCF34100548FCF /* Main.storyboard */; };
		00CD4ECF21FCF34300548FCF /* Assets.xcassets in Resources */ = {isa = PBXBuildFile; fileRef = 00CD4ECE21FCF34300548FCF /* Assets.xcassets */; };
		00CD4ED221FCF34300548FCF /* LaunchScreen.storyboard in Resources */ = {isa = PBXBuildFile; fileRef = 00CD4ED021FCF34300548FCF /* LaunchScreen.storyboard */; };
		00CD4EE221FD86E100548FCF /* Constants.swift in Sources */ = {isa = PBXBuildFile; fileRef = 00CD4EE121FD86E100548FCF /* Constants.swift */; };
		00CD4EE421FD8B4100548FCF /* GoogleService-Info.plist in Resources */ = {isa = PBXBuildFile; fileRef = 00CD4EE321FD8B4000548FCF /* GoogleService-Info.plist */; };
		00D7CCBA21FD950D00040877 /* FavoritesViewController.swift in Sources */ = {isa = PBXBuildFile; fileRef = 00D7CCB921FD950D00040877 /* FavoritesViewController.swift */; };
		A15CC4117EFC8D6C3B51E424 /* Pods_RectiveTest.framework in Frameworks */ = {isa = PBXBuildFile; fileRef = B16A2E9E11B2C7AE90077F75 /* Pods_RectiveTest.framework */; };
/* End PBXBuildFile section */

/* Begin PBXFileReference section */
		00CD4EC421FCF34100548FCF /* RectiveTest.app */ = {isa = PBXFileReference; explicitFileType = wrapper.application; includeInIndex = 0; path = RectiveTest.app; sourceTree = BUILT_PRODUCTS_DIR; };
		00CD4EC721FCF34100548FCF /* AppDelegate.swift */ = {isa = PBXFileReference; lastKnownFileType = sourcecode.swift; path = AppDelegate.swift; sourceTree = "<group>"; };
		00CD4EC921FCF34100548FCF /* ViewController.swift */ = {isa = PBXFileReference; lastKnownFileType = sourcecode.swift; path = ViewController.swift; sourceTree = "<group>"; };
		00CD4ECC21FCF34100548FCF /* Base */ = {isa = PBXFileReference; lastKnownFileType = file.storyboard; name = Base; path = Base.lproj/Main.storyboard; sourceTree = "<group>"; };
		00CD4ECE21FCF34300548FCF /* Assets.xcassets */ = {isa = PBXFileReference; lastKnownFileType = folder.assetcatalog; path = Assets.xcassets; sourceTree = "<group>"; };
		00CD4ED121FCF34300548FCF /* Base */ = {isa = PBXFileReference; lastKnownFileType = file.storyboard; name = Base; path = Base.lproj/LaunchScreen.storyboard; sourceTree = "<group>"; };
		00CD4ED321FCF34300548FCF /* Info.plist */ = {isa = PBXFileReference; lastKnownFileType = text.plist.xml; path = Info.plist; sourceTree = "<group>"; };
		00CD4EE121FD86E100548FCF /* Constants.swift */ = {isa = PBXFileReference; lastKnownFileType = sourcecode.swift; path = Constants.swift; sourceTree = "<group>"; };
		00CD4EE321FD8B4000548FCF /* GoogleService-Info.plist */ = {isa = PBXFileReference; fileEncoding = 4; lastKnownFileType = text.plist.xml; path = "GoogleService-Info.plist"; sourceTree = "<group>"; };
		00D7CCB921FD950D00040877 /* FavoritesViewController.swift */ = {isa = PBXFileReference; lastKnownFileType = sourcecode.swift; path = FavoritesViewController.swift; sourceTree = "<group>"; };
		7528DF9CF8806CC2C3A652F4 /* Pods-RectiveTest.debug.xcconfig */ = {isa = PBXFileReference; includeInIndex = 1; lastKnownFileType = text.xcconfig; name = "Pods-RectiveTest.debug.xcconfig"; path = "Pods/Target Support Files/Pods-RectiveTest/Pods-RectiveTest.debug.xcconfig"; sourceTree = "<group>"; };
		B16A2E9E11B2C7AE90077F75 /* Pods_RectiveTest.framework */ = {isa = PBXFileReference; explicitFileType = wrapper.framework; includeInIndex = 0; path = Pods_RectiveTest.framework; sourceTree = BUILT_PRODUCTS_DIR; };
		E9076E261D30CFE84FA7609E /* Pods-RectiveTest.release.xcconfig */ = {isa = PBXFileReference; includeInIndex = 1; lastKnownFileType = text.xcconfig; name = "Pods-RectiveTest.release.xcconfig"; path = "Pods/Target Support Files/Pods-RectiveTest/Pods-RectiveTest.release.xcconfig"; sourceTree = "<group>"; };
/* End PBXFileReference section */

/* Begin PBXFrameworksBuildPhase section */
		00CD4EC121FCF34100548FCF /* Frameworks */ = {
			isa = PBXFrameworksBuildPhase;
			buildActionMask = 2147483647;
			files = (
				A15CC4117EFC8D6C3B51E424 /* Pods_RectiveTest.framework in Frameworks */,
			);
			runOnlyForDeploymentPostprocessing = 0;
		};
/* End PBXFrameworksBuildPhase section */

/* Begin PBXGroup section */
		00CD4EBB21FCF34100548FCF = {
			isa = PBXGroup;
			children = (
				00CD4EC621FCF34100548FCF /* RectiveTest */,
				00CD4EC521FCF34100548FCF /* Products */,
				1BBA9271DB074BF9B94AEA29 /* Pods */,
				6095CB990C350400BFCB15B6 /* Frameworks */,
			);
			sourceTree = "<group>";
		};
		00CD4EC521FCF34100548FCF /* Products */ = {
			isa = PBXGroup;
			children = (
				00CD4EC421FCF34100548FCF /* RectiveTest.app */,
			);
			name = Products;
			sourceTree = "<group>";
		};
		00CD4EC621FCF34100548FCF /* RectiveTest */ = {
			isa = PBXGroup;
			children = (
				00CD4EE321FD8B4000548FCF /* GoogleService-Info.plist */,
				00CD4ED321FCF34300548FCF /* Info.plist */,
				00CD4EDC21FCFB4500548FCF /* Controller */,
				00CD4EDB21FCFB3F00548FCF /* View */,
				00CD4EDA21FCFB3300548FCF /* Model */,
			);
			path = RectiveTest;
			sourceTree = "<group>";
		};
		00CD4EDA21FCFB3300548FCF /* Model */ = {
			isa = PBXGroup;
			children = (
				00CD4ECE21FCF34300548FCF /* Assets.xcassets */,
				00CD4EE121FD86E100548FCF /* Constants.swift */,
			);
			path = Model;
			sourceTree = "<group>";
		};
		00CD4EDB21FCFB3F00548FCF /* View */ = {
			isa = PBXGroup;
			children = (
				00CD4ED021FCF34300548FCF /* LaunchScreen.storyboard */,
				00CD4ECB21FCF34100548FCF /* Main.storyboard */,
			);
			path = View;
			sourceTree = "<group>";
		};
		00CD4EDC21FCFB4500548FCF /* Controller */ = {
			isa = PBXGroup;
			children = (
				00CD4EC921FCF34100548FCF /* ViewController.swift */,
				00CD4EC721FCF34100548FCF /* AppDelegate.swift */,
				00D7CCB921FD950D00040877 /* FavoritesViewController.swift */,
			);
			path = Controller;
			sourceTree = "<group>";
		};
		1BBA9271DB074BF9B94AEA29 /* Pods */ = {
			isa = PBXGroup;
			children = (
				7528DF9CF8806CC2C3A652F4 /* Pods-RectiveTest.debug.xcconfig */,
				E9076E261D30CFE84FA7609E /* Pods-RectiveTest.release.xcconfig */,
			);
			name = Pods;
			sourceTree = "<group>";
		};
		6095CB990C350400BFCB15B6 /* Frameworks */ = {
			isa = PBXGroup;
			children = (
				B16A2E9E11B2C7AE90077F75 /* Pods_RectiveTest.framework */,
			);
			name = Frameworks;
			sourceTree = "<group>";
		};
/* End PBXGroup section */

/* Begin PBXNativeTarget section */
		00CD4EC321FCF34100548FCF /* RectiveTest */ = {
			isa = PBXNativeTarget;
			buildConfigurationList = 00CD4ED621FCF34300548FCF /* Build configuration list for PBXNativeTarget "RectiveTest" */;
			buildPhases = (
				1B230DBD9FDB66AF1CE922E6 /* [CP] Check Pods Manifest.lock */,
				00CD4EC021FCF34100548FCF /* Sources */,
				00CD4EC121FCF34100548FCF /* Frameworks */,
				00CD4EC221FCF34100548FCF /* Resources */,
				01A301532C90129269339177 /* [CP] Embed Pods Frameworks */,
			);
			buildRules = (
			);
			dependencies = (
			);
			name = RectiveTest;
			productName = RectiveTest;
			productReference = 00CD4EC421FCF34100548FCF /* RectiveTest.app */;
			productType = "com.apple.product-type.application";
		};
/* End PBXNativeTarget section */

/* Begin PBXProject section */
		00CD4EBC21FCF34100548FCF /* Project object */ = {
			isa = PBXProject;
			attributes = {
				LastSwiftUpdateCheck = 1010;
				LastUpgradeCheck = 1010;
				ORGANIZATIONNAME = "Eray Alparslan";
				TargetAttributes = {
					00CD4EC321FCF34100548FCF = {
						CreatedOnToolsVersion = 10.1;
					};
				};
			};
			buildConfigurationList = 00CD4EBF21FCF34100548FCF /* Build configuration list for PBXProject "RectiveTest" */;
			compatibilityVersion = "Xcode 9.3";
			developmentRegion = en;
			hasScannedForEncodings = 0;
			knownRegions = (
				en,
				Base,
			);
			mainGroup = 00CD4EBB21FCF34100548FCF;
			productRefGroup = 00CD4EC521FCF34100548FCF /* Products */;
			projectDirPath = "";
			projectRoot = "";
			targets = (
				00CD4EC321FCF34100548FCF /* RectiveTest */,
			);
		};
/* End PBXProject section */

/* Begin PBXResourcesBuildPhase section */
		00CD4EC221FCF34100548FCF /* Resources */ = {
			isa = PBXResourcesBuildPhase;
			buildActionMask = 2147483647;
			files = (
				00CD4ED221FCF34300548FCF /* LaunchScreen.storyboard in Resources */,
				00CD4ECF21FCF34300548FCF /* Assets.xcassets in Resources */,
				00CD4ECD21FCF34100548FCF /* Main.storyboard in Resources */,
				00CD4EE421FD8B4100548FCF /* GoogleService-Info.plist in Resources */,
			);
			runOnlyForDeploymentPostprocessing = 0;
		};
/* End PBXResourcesBuildPhase section */

/* Begin PBXShellScriptBuildPhase section */
		01A301532C90129269339177 /* [CP] Embed Pods Frameworks */ = {
			isa = PBXShellScriptBuildPhase;
			buildActionMask = 2147483647;
			files = (
			);
			inputFileListPaths = (
			);
			inputPaths = (
				"${SRCROOT}/Pods/Target Support Files/Pods-RectiveTest/Pods-RectiveTest-frameworks.sh",
				"${BUILT_PRODUCTS_DIR}/Alamofire/Alamofire.framework",
				"${BUILT_PRODUCTS_DIR}/GoogleUtilities/GoogleUtilities.framework",
				"${BUILT_PRODUCTS_DIR}/RxAtomic/RxAtomic.framework",
				"${BUILT_PRODUCTS_DIR}/RxCocoa/RxCocoa.framework",
				"${BUILT_PRODUCTS_DIR}/RxSwift/RxSwift.framework",
				"${BUILT_PRODUCTS_DIR}/SwiftyJSON/SwiftyJSON.framework",
				"${BUILT_PRODUCTS_DIR}/leveldb-library/leveldb.framework",
				"${BUILT_PRODUCTS_DIR}/nanopb/nanopb.framework",
			);
			name = "[CP] Embed Pods Frameworks";
			outputFileListPaths = (
			);
			outputPaths = (
				"${TARGET_BUILD_DIR}/${FRAMEWORKS_FOLDER_PATH}/Alamofire.framework",
				"${TARGET_BUILD_DIR}/${FRAMEWORKS_FOLDER_PATH}/GoogleUtilities.framework",
				"${TARGET_BUILD_DIR}/${FRAMEWORKS_FOLDER_PATH}/RxAtomic.framework",
				"${TARGET_BUILD_DIR}/${FRAMEWORKS_FOLDER_PATH}/RxCocoa.framework",
				"${TARGET_BUILD_DIR}/${FRAMEWORKS_FOLDER_PATH}/RxSwift.framework",
				"${TARGET_BUILD_DIR}/${FRAMEWORKS_FOLDER_PATH}/SwiftyJSON.framework",
				"${TARGET_BUILD_DIR}/${FRAMEWORKS_FOLDER_PATH}/leveldb.framework",
				"${TARGET_BUILD_DIR}/${FRAMEWORKS_FOLDER_PATH}/nanopb.framework",
			);
			runOnlyForDeploymentPostprocessing = 0;
			shellPath = /bin/sh;
			shellScript = "\"${SRCROOT}/Pods/Target Support Files/Pods-RectiveTest/Pods-RectiveTest-frameworks.sh\"\n";
			showEnvVarsInLog = 0;
		};
		1B230DBD9FDB66AF1CE922E6 /* [CP] Check Pods Manifest.lock */ = {
			isa = PBXShellScriptBuildPhase;
			buildActionMask = 2147483647;
			files = (
			);
			inputFileListPaths = (
			);
			inputPaths = (
				"${PODS_PODFILE_DIR_PATH}/Podfile.lock",
				"${PODS_ROOT}/Manifest.lock",
			);
			name = "[CP] Check Pods Manifest.lock";
			outputFileListPaths = (
			);
			outputPaths = (
				"$(DERIVED_FILE_DIR)/Pods-RectiveTest-checkManifestLockResult.txt",
			);
			runOnlyForDeploymentPostprocessing = 0;
			shellPath = /bin/sh;
			shellScript = "diff \"${PODS_PODFILE_DIR_PATH}/Podfile.lock\" \"${PODS_ROOT}/Manifest.lock\" > /dev/null\nif [ $? != 0 ] ; then\n    # print error to STDERR\n    echo \"error: The sandbox is not in sync with the Podfile.lock. Run 'pod install' or update your CocoaPods installation.\" >&2\n    exit 1\nfi\n# This output is used by Xcode 'outputs' to avoid re-running this script phase.\necho \"SUCCESS\" > \"${SCRIPT_OUTPUT_FILE_0}\"\n";
			showEnvVarsInLog = 0;
		};
/* End PBXShellScriptBuildPhase section */

/* Begin PBXSourcesBuildPhase section */
		00CD4EC021FCF34100548FCF /* Sources */ = {
			isa = PBXSourcesBuildPhase;
			buildActionMask = 2147483647;
			files = (
				00CD4ECA21FCF34100548FCF /* ViewController.swift in Sources */,
				00CD4EC821FCF34100548FCF /* AppDelegate.swift in Sources */,
				00D7CCBA21FD950D00040877 /* FavoritesViewController.swift in Sources */,
				00CD4EE221FD86E100548FCF /* Constants.swift in Sources */,
			);
			runOnlyForDeploymentPostprocessing = 0;
		};
/* End PBXSourcesBuildPhase section */

/* Begin PBXVariantGroup section */
		00CD4ECB21FCF34100548FCF /* Main.storyboard */ = {
			isa = PBXVariantGroup;
			children = (
				00CD4ECC21FCF34100548FCF /* Base */,
			);
			name = Main.storyboard;
			sourceTree = "<group>";
		};
		00CD4ED021FCF34300548FCF /* LaunchScreen.storyboard */ = {
			isa = PBXVariantGroup;
			children = (
				00CD4ED121FCF34300548FCF /* Base */,
			);
			name = LaunchScreen.storyboard;
			sourceTree = "<group>";
		};
/* End PBXVariantGroup section */

/* Begin XCBuildConfiguration section */
		00CD4ED421FCF34300548FCF /* Debug */ = {
			isa = XCBuildConfiguration;
			buildSettings = {
				ALWAYS_SEARCH_USER_PATHS = NO;
				CLANG_ANALYZER_NONNULL = YES;
				CLANG_ANALYZER_NUMBER_OBJECT_CONVERSION = YES_AGGRESSIVE;
				CLANG_CXX_LANGUAGE_STANDARD = "gnu++14";
				CLANG_CXX_LIBRARY = "libc++";
				CLANG_ENABLE_MODULES = YES;
				CLANG_ENABLE_OBJC_ARC = YES;
				CLANG_ENABLE_OBJC_WEAK = YES;
				CLANG_WARN_BLOCK_CAPTURE_AUTORELEASING = YES;
				CLANG_WARN_BOOL_CONVERSION = YES;
				CLANG_WARN_COMMA = YES;
				CLANG_WARN_CONSTANT_CONVERSION = YES;
				CLANG_WARN_DEPRECATED_OBJC_IMPLEMENTATIONS = YES;
				CLANG_WARN_DIRECT_OBJC_ISA_USAGE = YES_ERROR;
				CLANG_WARN_DOCUMENTATION_COMMENTS = YES;
				CLANG_WARN_EMPTY_BODY = YES;
				CLANG_WARN_ENUM_CONVERSION = YES;
				CLANG_WARN_INFINITE_RECURSION = YES;
				CLANG_WARN_INT_CONVERSION = YES;
				CLANG_WARN_NON_LITERAL_NULL_CONVERSION = YES;
				CLANG_WARN_OBJC_IMPLICIT_RETAIN_SELF = YES;
				CLANG_WARN_OBJC_LITERAL_CONVERSION = YES;
				CLANG_WARN_OBJC_ROOT_CLASS = YES_ERROR;
				CLANG_WARN_RANGE_LOOP_ANALYSIS = YES;
				CLANG_WARN_STRICT_PROTOTYPES = YES;
				CLANG_WARN_SUSPICIOUS_MOVE = YES;
				CLANG_WARN_UNGUARDED_AVAILABILITY = YES_AGGRESSIVE;
				CLANG_WARN_UNREACHABLE_CODE = YES;
				CLANG_WARN__DUPLICATE_METHOD_MATCH = YES;
				CODE_SIGN_IDENTITY = "iPhone Developer";
				COPY_PHASE_STRIP = NO;
				DEBUG_INFORMATION_FORMAT = dwarf;
				ENABLE_STRICT_OBJC_MSGSEND = YES;
				ENABLE_TESTABILITY = YES;
				GCC_C_LANGUAGE_STANDARD = gnu11;
				GCC_DYNAMIC_NO_PIC = NO;
				GCC_NO_COMMON_BLOCKS = YES;
				GCC_OPTIMIZATION_LEVEL = 0;
				GCC_PREPROCESSOR_DEFINITIONS = (
					"DEBUG=1",
					"$(inherited)",
				);
				GCC_WARN_64_TO_32_BIT_CONVERSION = YES;
				GCC_WARN_ABOUT_RETURN_TYPE = YES_ERROR;
				GCC_WARN_UNDECLARED_SELECTOR = YES;
				GCC_WARN_UNINITIALIZED_AUTOS = YES_AGGRESSIVE;
				GCC_WARN_UNUSED_FUNCTION = YES;
				GCC_WARN_UNUSED_VARIABLE = YES;
				IPHONEOS_DEPLOYMENT_TARGET = 12.1;
				MTL_ENABLE_DEBUG_INFO = INCLUDE_SOURCE;
				MTL_FAST_MATH = YES;
				ONLY_ACTIVE_ARCH = YES;
				SDKROOT = iphoneos;
				SWIFT_ACTIVE_COMPILATION_CONDITIONS = DEBUG;
				SWIFT_OPTIMIZATION_LEVEL = "-Onone";
			};
			name = Debug;
		};
		00CD4ED521FCF34300548FCF /* Release */ = {
			isa = XCBuildConfiguration;
			buildSettings = {
				ALWAYS_SEARCH_USER_PATHS = NO;
				CLANG_ANALYZER_NONNULL = YES;
				CLANG_ANALYZER_NUMBER_OBJECT_CONVERSION = YES_AGGRESSIVE;
				CLANG_CXX_LANGUAGE_STANDARD = "gnu++14";
				CLANG_CXX_LIBRARY = "libc++";
				CLANG_ENABLE_MODULES = YES;
				CLANG_ENABLE_OBJC_ARC = YES;
				CLANG_ENABLE_OBJC_WEAK = YES;
				CLANG_WARN_BLOCK_CAPTURE_AUTORELEASING = YES;
				CLANG_WARN_BOOL_CONVERSION = YES;
				CLANG_WARN_COMMA = YES;
				CLANG_WARN_CONSTANT_CONVERSION = YES;
				CLANG_WARN_DEPRECATED_OBJC_IMPLEMENTATIONS = YES;
				CLANG_WARN_DIRECT_OBJC_ISA_USAGE = YES_ERROR;
				CLANG_WARN_DOCUMENTATION_COMMENTS = YES;
				CLANG_WARN_EMPTY_BODY = YES;
				CLANG_WARN_ENUM_CONVERSION = YES;
				CLANG_WARN_INFINITE_RECURSION = YES;
				CLANG_WARN_INT_CONVERSION = YES;
				CLANG_WARN_NON_LITERAL_NULL_CONVERSION = YES;
				CLANG_WARN_OBJC_IMPLICIT_RETAIN_SELF = YES;
				CLANG_WARN_OBJC_LITERAL_CONVERSION = YES;
				CLANG_WARN_OBJC_ROOT_CLASS = YES_ERROR;
				CLANG_WARN_RANGE_LOOP_ANALYSIS = YES;
				CLANG_WARN_STRICT_PROTOTYPES = YES;
				CLANG_WARN_SUSPICIOUS_MOVE = YES;
				CLANG_WARN_UNGUARDED_AVAILABILITY = YES_AGGRESSIVE;
				CLANG_WARN_UNREACHABLE_CODE = YES;
				CLANG_WARN__DUPLICATE_METHOD_MATCH = YES;
				CODE_SIGN_IDENTITY = "iPhone Developer";
				COPY_PHASE_STRIP = NO;
				DEBUG_INFORMATION_FORMAT = "dwarf-with-dsym";
				ENABLE_NS_ASSERTIONS = NO;
				ENABLE_STRICT_OBJC_MSGSEND = YES;
				GCC_C_LANGUAGE_STANDARD = gnu11;
				GCC_NO_COMMON_BLOCKS = YES;
				GCC_WARN_64_TO_32_BIT_CONVERSION = YES;
				GCC_WARN_ABOUT_RETURN_TYPE = YES_ERROR;
				GCC_WARN_UNDECLARED_SELECTOR = YES;
				GCC_WARN_UNINITIALIZED_AUTOS = YES_AGGRESSIVE;
				GCC_WARN_UNUSED_FUNCTION = YES;
				GCC_WARN_UNUSED_VARIABLE = YES;
				IPHONEOS_DEPLOYMENT_TARGET = 12.1;
				MTL_ENABLE_DEBUG_INFO = NO;
				MTL_FAST_MATH = YES;
				SDKROOT = iphoneos;
				SWIFT_COMPILATION_MODE = wholemodule;
				SWIFT_OPTIMIZATION_LEVEL = "-O";
				VALIDATE_PRODUCT = YES;
			};
			name = Release;
		};
		00CD4ED721FCF34300548FCF /* Debug */ = {
			isa = XCBuildConfiguration;
			baseConfigurationReference = 7528DF9CF8806CC2C3A652F4 /* Pods-RectiveTest.debug.xcconfig */;
			buildSettings = {
				ASSETCATALOG_COMPILER_APPICON_NAME = AppIcon;
				CODE_SIGN_STYLE = Automatic;
				DEVELOPMENT_TEAM = XN294VVZ35;
				INFOPLIST_FILE = RectiveTest/Info.plist;
				LD_RUNPATH_SEARCH_PATHS = (
					"$(inherited)",
					"@executable_path/Frameworks",
				);
				PRODUCT_BUNDLE_IDENTIFIER = com.erayalparslan.RectiveTest;
				PRODUCT_NAME = "$(TARGET_NAME)";
				SWIFT_VERSION = 4.2;
				TARGETED_DEVICE_FAMILY = "1,2";
			};
			name = Debug;
		};
		00CD4ED821FCF34300548FCF /* Release */ = {
			isa = XCBuildConfiguration;
			baseConfigurationReference = E9076E261D30CFE84FA7609E /* Pods-RectiveTest.release.xcconfig */;
			buildSettings = {
				ASSETCATALOG_COMPILER_APPICON_NAME = AppIcon;
				CODE_SIGN_STYLE = Automatic;
				DEVELOPMENT_TEAM = XN294VVZ35;
				INFOPLIST_FILE = RectiveTest/Info.plist;
				LD_RUNPATH_SEARCH_PATHS = (
					"$(inherited)",
					"@executable_path/Frameworks",
				);
				PRODUCT_BUNDLE_IDENTIFIER = com.erayalparslan.RectiveTest;
				PRODUCT_NAME = "$(TARGET_NAME)";
				SWIFT_VERSION = 4.2;
				TARGETED_DEVICE_FAMILY = "1,2";
			};
			name = Release;
		};
/* End XCBuildConfiguration section */

/* Begin XCConfigurationList section */
		00CD4EBF21FCF34100548FCF /* Build configuration list for PBXProject "RectiveTest" */ = {
			isa = XCConfigurationList;
			buildConfigurations = (
				00CD4ED421FCF34300548FCF /* Debug */,
				00CD4ED521FCF34300548FCF /* Release */,
			);
			defaultConfigurationIsVisible = 0;
			defaultConfigurationName = Release;
		};
		00CD4ED621FCF34300548FCF /* Build configuration list for PBXNativeTarget "RectiveTest" */ = {
			isa = XCConfigurationList;
			buildConfigurations = (
				00CD4ED721FCF34300548FCF /* Debug */,
				00CD4ED821FCF34300548FCF /* Release */,
			);
			defaultConfigurationIsVisible = 0;
			defaultConfigurationName = Release;
		};
/* End XCConfigurationList section */
	};
	rootObject = 00CD4EBC21FCF34100548FCF /* Project object */;
}
